// !$*UTF8*$!
{
	archiveVersion = 1;
	classes = {
	};
	objectVersion = 56;
	objects = {

/* Begin PBXBuildFile section */
		150F47C82CA1FE4700A6D729 /* CombineCocoa in Frameworks */ = {isa = PBXBuildFile; productRef = 150F47C72CA1FE4700A6D729 /* CombineCocoa */; };
		150F47CB2CA2005F00A6D729 /* StratViewController.swift in Sources */ = {isa = PBXBuildFile; fileRef = 150F47CA2CA2005F00A6D729 /* StratViewController.swift */; };
		150F47CD2CA205AE00A6D729 /* AddStrategyViewController.swift in Sources */ = {isa = PBXBuildFile; fileRef = 150F47CC2CA205AE00A6D729 /* AddStrategyViewController.swift */; };
		150F47CF2CA21AB700A6D729 /* DetailStratViewController.swift in Sources */ = {isa = PBXBuildFile; fileRef = 150F47CE2CA21AB700A6D729 /* DetailStratViewController.swift */; };
		1546DBEF2C8C72BA00D70DBB /* AppDelegate.swift in Sources */ = {isa = PBXBuildFile; fileRef = 1546DBEE2C8C72BA00D70DBB /* AppDelegate.swift */; };
		1546DBF12C8C72BA00D70DBB /* SceneDelegate.swift in Sources */ = {isa = PBXBuildFile; fileRef = 1546DBF02C8C72BA00D70DBB /* SceneDelegate.swift */; };
		1546DBF62C8C72BA00D70DBB /* Main.storyboard in Resources */ = {isa = PBXBuildFile; fileRef = 1546DBF42C8C72BA00D70DBB /* Main.storyboard */; };
		1546DBF82C8C72BB00D70DBB /* Assets.xcassets in Resources */ = {isa = PBXBuildFile; fileRef = 1546DBF72C8C72BB00D70DBB /* Assets.xcassets */; };
		1546DBFB2C8C72BB00D70DBB /* LaunchScreen.storyboard in Resources */ = {isa = PBXBuildFile; fileRef = 1546DBF92C8C72BB00D70DBB /* LaunchScreen.storyboard */; };
		1546DC052C8C731800D70DBB /* LoadViewController.swift in Sources */ = {isa = PBXBuildFile; fileRef = 1546DC042C8C731800D70DBB /* LoadViewController.swift */; };
		1546DC082C8C73C500D70DBB /* SnapKit in Frameworks */ = {isa = PBXBuildFile; productRef = 1546DC072C8C73C500D70DBB /* SnapKit */; };
		1546DC0B2C8C76EF00D70DBB /* OnbUserViewController.swift in Sources */ = {isa = PBXBuildFile; fileRef = 1546DC0A2C8C76EF00D70DBB /* OnbUserViewController.swift */; };
		1546DC0E2C8C8C0A00D70DBB /* HomeViewController.swift in Sources */ = {isa = PBXBuildFile; fileRef = 1546DC0D2C8C8C0A00D70DBB /* HomeViewController.swift */; };
		1546DC102C8F0AD000D70DBB /* Model.swift in Sources */ = {isa = PBXBuildFile; fileRef = 1546DC0F2C8F0AD000D70DBB /* Model.swift */; };
		1546DC152C8F110200D70DBB /* progressView.swift in Sources */ = {isa = PBXBuildFile; fileRef = 1546DC142C8F110200D70DBB /* progressView.swift */; };
		1546DC172C8F1FB800D70DBB /* CombinationsViewController.swift in Sources */ = {isa = PBXBuildFile; fileRef = 1546DC162C8F1FB800D70DBB /* CombinationsViewController.swift */; };
		1546DC1A2C8F318300D70DBB /* SettingsViewController.swift in Sources */ = {isa = PBXBuildFile; fileRef = 1546DC192C8F318300D70DBB /* SettingsViewController.swift */; };
		1546DC1D2C8F5BBD00D70DBB /* ListGamesViewController.swift in Sources */ = {isa = PBXBuildFile; fileRef = 1546DC1C2C8F5BBD00D70DBB /* ListGamesViewController.swift */; };
		1546DC1F2C9084A300D70DBB /* NewGameViewController.swift in Sources */ = {isa = PBXBuildFile; fileRef = 1546DC1E2C9084A300D70DBB /* NewGameViewController.swift */; };
		1546DC222C91CFA500D70DBB /* FullAnalyticsViewController.swift in Sources */ = {isa = PBXBuildFile; fileRef = 1546DC212C91CFA500D70DBB /* FullAnalyticsViewController.swift */; };
/* End PBXBuildFile section */

/* Begin PBXFileReference section */
		150F47CA2CA2005F00A6D729 /* StratViewController.swift */ = {isa = PBXFileReference; lastKnownFileType = sourcecode.swift; path = StratViewController.swift; sourceTree = "<group>"; };
		150F47CC2CA205AE00A6D729 /* AddStrategyViewController.swift */ = {isa = PBXFileReference; lastKnownFileType = sourcecode.swift; path = AddStrategyViewController.swift; sourceTree = "<group>"; };
		150F47CE2CA21AB700A6D729 /* DetailStratViewController.swift */ = {isa = PBXFileReference; lastKnownFileType = sourcecode.swift; path = DetailStratViewController.swift; sourceTree = "<group>"; };
		1546DBEB2C8C72BA00D70DBB /* CatCas.app */ = {isa = PBXFileReference; explicitFileType = wrapper.application; includeInIndex = 0; path = CatCas.app; sourceTree = BUILT_PRODUCTS_DIR; };
		1546DBEE2C8C72BA00D70DBB /* AppDelegate.swift */ = {isa = PBXFileReference; lastKnownFileType = sourcecode.swift; path = AppDelegate.swift; sourceTree = "<group>"; };
		1546DBF02C8C72BA00D70DBB /* SceneDelegate.swift */ = {isa = PBXFileReference; lastKnownFileType = sourcecode.swift; path = SceneDelegate.swift; sourceTree = "<group>"; };
		1546DBF52C8C72BA00D70DBB /* Base */ = {isa = PBXFileReference; lastKnownFileType = file.storyboard; name = Base; path = Base.lproj/Main.storyboard; sourceTree = "<group>"; };
		1546DBF72C8C72BB00D70DBB /* Assets.xcassets */ = {isa = PBXFileReference; lastKnownFileType = folder.assetcatalog; path = Assets.xcassets; sourceTree = "<group>"; };
		1546DBFA2C8C72BB00D70DBB /* Base */ = {isa = PBXFileReference; lastKnownFileType = file.storyboard; name = Base; path = Base.lproj/LaunchScreen.storyboard; sourceTree = "<group>"; };
		1546DBFC2C8C72BB00D70DBB /* Info.plist */ = {isa = PBXFileReference; lastKnownFileType = text.plist.xml; path = Info.plist; sourceTree = "<group>"; };
		1546DC042C8C731800D70DBB /* LoadViewController.swift */ = {isa = PBXFileReference; lastKnownFileType = sourcecode.swift; path = LoadViewController.swift; sourceTree = "<group>"; };
		1546DC0A2C8C76EF00D70DBB /* OnbUserViewController.swift */ = {isa = PBXFileReference; lastKnownFileType = sourcecode.swift; path = OnbUserViewController.swift; sourceTree = "<group>"; };
		1546DC0D2C8C8C0A00D70DBB /* HomeViewController.swift */ = {isa = PBXFileReference; lastKnownFileType = sourcecode.swift; path = HomeViewController.swift; sourceTree = "<group>"; };
		1546DC0F2C8F0AD000D70DBB /* Model.swift */ = {isa = PBXFileReference; lastKnownFileType = sourcecode.swift; path = Model.swift; sourceTree = "<group>"; };
		1546DC142C8F110200D70DBB /* progressView.swift */ = {isa = PBXFileReference; lastKnownFileType = sourcecode.swift; path = progressView.swift; sourceTree = "<group>"; };
		1546DC162C8F1FB800D70DBB /* CombinationsViewController.swift */ = {isa = PBXFileReference; lastKnownFileType = sourcecode.swift; path = CombinationsViewController.swift; sourceTree = "<group>"; };
		1546DC192C8F318300D70DBB /* SettingsViewController.swift */ = {isa = PBXFileReference; lastKnownFileType = sourcecode.swift; path = SettingsViewController.swift; sourceTree = "<group>"; };
		1546DC1C2C8F5BBD00D70DBB /* ListGamesViewController.swift */ = {isa = PBXFileReference; lastKnownFileType = sourcecode.swift; path = ListGamesViewController.swift; sourceTree = "<group>"; };
		1546DC1E2C9084A300D70DBB /* NewGameViewController.swift */ = {isa = PBXFileReference; lastKnownFileType = sourcecode.swift; path = NewGameViewController.swift; sourceTree = "<group>"; };
		1546DC212C91CFA500D70DBB /* FullAnalyticsViewController.swift */ = {isa = PBXFileReference; lastKnownFileType = sourcecode.swift; path = FullAnalyticsViewController.swift; sourceTree = "<group>"; };
/* End PBXFileReference section */

/* Begin PBXFrameworksBuildPhase section */
		1546DBE82C8C72B900D70DBB /* Frameworks */ = {
			isa = PBXFrameworksBuildPhase;
			buildActionMask = 2147483647;
			files = (
				150F47C82CA1FE4700A6D729 /* CombineCocoa in Frameworks */,
				1546DC082C8C73C500D70DBB /* SnapKit in Frameworks */,
			);
			runOnlyForDeploymentPostprocessing = 0;
		};
/* End PBXFrameworksBuildPhase section */

/* Begin PBXGroup section */
		150F47C92CA2005000A6D729 /* Trategies */ = {
			isa = PBXGroup;
			children = (
				150F47CA2CA2005F00A6D729 /* StratViewController.swift */,
				150F47CC2CA205AE00A6D729 /* AddStrategyViewController.swift */,
				150F47CE2CA21AB700A6D729 /* DetailStratViewController.swift */,
			);
			path = Trategies;
			sourceTree = "<group>";
		};
		1546DBE22C8C72B900D70DBB = {
			isa = PBXGroup;
			children = (
				1546DBED2C8C72BA00D70DBB /* CatCas */,
				1546DBEC2C8C72BA00D70DBB /* Products */,
			);
			sourceTree = "<group>";
		};
		1546DBEC2C8C72BA00D70DBB /* Products */ = {
			isa = PBXGroup;
			children = (
				1546DBEB2C8C72BA00D70DBB /* CatCas.app */,
			);
			name = Products;
			sourceTree = "<group>";
		};
		1546DBED2C8C72BA00D70DBB /* CatCas */ = {
			isa = PBXGroup;
			children = (
				150F47C92CA2005000A6D729 /* Trategies */,
				1546DC202C91CF3C00D70DBB /* FullAnalytics */,
				1546DC1B2C8F5BA900D70DBB /* ListGames */,
				1546DC182C8F317500D70DBB /* Settings */,
				1546DC0C2C8C8BFE00D70DBB /* Home */,
				1546DC092C8C76E300D70DBB /* OnbUser */,
				1546DC032C8C730900D70DBB /* LoadPage */,
				1546DC022C8C72F600D70DBB /* Support */,
				1546DBFC2C8C72BB00D70DBB /* Info.plist */,
			);
			path = CatCas;
			sourceTree = "<group>";
		};
		1546DC022C8C72F600D70DBB /* Support */ = {
			isa = PBXGroup;
			children = (
				1546DBEE2C8C72BA00D70DBB /* AppDelegate.swift */,
				1546DBF42C8C72BA00D70DBB /* Main.storyboard */,
				1546DBF72C8C72BB00D70DBB /* Assets.xcassets */,
				1546DBF92C8C72BB00D70DBB /* LaunchScreen.storyboard */,
				1546DBF02C8C72BA00D70DBB /* SceneDelegate.swift */,
			);
			path = Support;
			sourceTree = "<group>";
		};
		1546DC032C8C730900D70DBB /* LoadPage */ = {
			isa = PBXGroup;
			children = (
				1546DC042C8C731800D70DBB /* LoadViewController.swift */,
			);
			path = LoadPage;
			sourceTree = "<group>";
		};
		1546DC092C8C76E300D70DBB /* OnbUser */ = {
			isa = PBXGroup;
			children = (
				1546DC0A2C8C76EF00D70DBB /* OnbUserViewController.swift */,
			);
			path = OnbUser;
			sourceTree = "<group>";
		};
		1546DC0C2C8C8BFE00D70DBB /* Home */ = {
			isa = PBXGroup;
			children = (
				1546DC0D2C8C8C0A00D70DBB /* HomeViewController.swift */,
				1546DC0F2C8F0AD000D70DBB /* Model.swift */,
				1546DC142C8F110200D70DBB /* progressView.swift */,
				1546DC162C8F1FB800D70DBB /* CombinationsViewController.swift */,
			);
			path = Home;
			sourceTree = "<group>";
		};
		1546DC182C8F317500D70DBB /* Settings */ = {
			isa = PBXGroup;
			children = (
				1546DC192C8F318300D70DBB /* SettingsViewController.swift */,
			);
			path = Settings;
			sourceTree = "<group>";
		};
		1546DC1B2C8F5BA900D70DBB /* ListGames */ = {
			isa = PBXGroup;
			children = (
				1546DC1C2C8F5BBD00D70DBB /* ListGamesViewController.swift */,
				1546DC1E2C9084A300D70DBB /* NewGameViewController.swift */,
			);
			path = ListGames;
			sourceTree = "<group>";
		};
		1546DC202C91CF3C00D70DBB /* FullAnalytics */ = {
			isa = PBXGroup;
			children = (
				1546DC212C91CFA500D70DBB /* FullAnalyticsViewController.swift */,
			);
			path = FullAnalytics;
			sourceTree = "<group>";
		};
/* End PBXGroup section */

/* Begin PBXNativeTarget section */
		1546DBEA2C8C72B900D70DBB /* CatCas */ = {
			isa = PBXNativeTarget;
			buildConfigurationList = 1546DBFF2C8C72BB00D70DBB /* Build configuration list for PBXNativeTarget "CatCas" */;
			buildPhases = (
				1546DBE72C8C72B900D70DBB /* Sources */,
				1546DBE82C8C72B900D70DBB /* Frameworks */,
				1546DBE92C8C72B900D70DBB /* Resources */,
			);
			buildRules = (
			);
			dependencies = (
			);
			name = CatCas;
			packageProductDependencies = (
				1546DC072C8C73C500D70DBB /* SnapKit */,
				150F47C72CA1FE4700A6D729 /* CombineCocoa */,
			);
			productName = CatCas;
			productReference = 1546DBEB2C8C72BA00D70DBB /* CatCas.app */;
			productType = "com.apple.product-type.application";
		};
/* End PBXNativeTarget section */

/* Begin PBXProject section */
		1546DBE32C8C72B900D70DBB /* Project object */ = {
			isa = PBXProject;
			attributes = {
				BuildIndependentTargetsInParallel = 1;
				LastSwiftUpdateCheck = 1520;
				LastUpgradeCheck = 1520;
				TargetAttributes = {
					1546DBEA2C8C72B900D70DBB = {
						CreatedOnToolsVersion = 15.2;
					};
				};
			};
			buildConfigurationList = 1546DBE62C8C72B900D70DBB /* Build configuration list for PBXProject "CatCas" */;
			compatibilityVersion = "Xcode 14.0";
			developmentRegion = en;
			hasScannedForEncodings = 0;
			knownRegions = (
				en,
				Base,
			);
			mainGroup = 1546DBE22C8C72B900D70DBB;
			packageReferences = (
				1546DC062C8C73C500D70DBB /* XCRemoteSwiftPackageReference "SnapKit" */,
				150F47C62CA1FE4700A6D729 /* XCRemoteSwiftPackageReference "CombineCocoa" */,
			);
			productRefGroup = 1546DBEC2C8C72BA00D70DBB /* Products */;
			projectDirPath = "";
			projectRoot = "";
			targets = (
				1546DBEA2C8C72B900D70DBB /* CatCas */,
			);
		};
/* End PBXProject section */

/* Begin PBXResourcesBuildPhase section */
		1546DBE92C8C72B900D70DBB /* Resources */ = {
			isa = PBXResourcesBuildPhase;
			buildActionMask = 2147483647;
			files = (
				1546DBFB2C8C72BB00D70DBB /* LaunchScreen.storyboard in Resources */,
				1546DBF82C8C72BB00D70DBB /* Assets.xcassets in Resources */,
				1546DBF62C8C72BA00D70DBB /* Main.storyboard in Resources */,
			);
			runOnlyForDeploymentPostprocessing = 0;
		};
/* End PBXResourcesBuildPhase section */

/* Begin PBXSourcesBuildPhase section */
		1546DBE72C8C72B900D70DBB /* Sources */ = {
			isa = PBXSourcesBuildPhase;
			buildActionMask = 2147483647;
			files = (
				1546DC1D2C8F5BBD00D70DBB /* ListGamesViewController.swift in Sources */,
				150F47CF2CA21AB700A6D729 /* DetailStratViewController.swift in Sources */,
				1546DC172C8F1FB800D70DBB /* CombinationsViewController.swift in Sources */,
				1546DC0E2C8C8C0A00D70DBB /* HomeViewController.swift in Sources */,
				150F47CD2CA205AE00A6D729 /* AddStrategyViewController.swift in Sources */,
				1546DC052C8C731800D70DBB /* LoadViewController.swift in Sources */,
				1546DBEF2C8C72BA00D70DBB /* AppDelegate.swift in Sources */,
				1546DC102C8F0AD000D70DBB /* Model.swift in Sources */,
				1546DBF12C8C72BA00D70DBB /* SceneDelegate.swift in Sources */,
				1546DC0B2C8C76EF00D70DBB /* OnbUserViewController.swift in Sources */,
				150F47CB2CA2005F00A6D729 /* StratViewController.swift in Sources */,
				1546DC152C8F110200D70DBB /* progressView.swift in Sources */,
				1546DC1A2C8F318300D70DBB /* SettingsViewController.swift in Sources */,
				1546DC222C91CFA500D70DBB /* FullAnalyticsViewController.swift in Sources */,
				1546DC1F2C9084A300D70DBB /* NewGameViewController.swift in Sources */,
			);
			runOnlyForDeploymentPostprocessing = 0;
		};
/* End PBXSourcesBuildPhase section */

/* Begin PBXVariantGroup section */
		1546DBF42C8C72BA00D70DBB /* Main.storyboard */ = {
			isa = PBXVariantGroup;
			children = (
				1546DBF52C8C72BA00D70DBB /* Base */,
			);
			name = Main.storyboard;
			sourceTree = "<group>";
		};
		1546DBF92C8C72BB00D70DBB /* LaunchScreen.storyboard */ = {
			isa = PBXVariantGroup;
			children = (
				1546DBFA2C8C72BB00D70DBB /* Base */,
			);
			name = LaunchScreen.storyboard;
			sourceTree = "<group>";
		};
/* End PBXVariantGroup section */

/* Begin XCBuildConfiguration section */
		1546DBFD2C8C72BB00D70DBB /* Debug */ = {
			isa = XCBuildConfiguration;
			buildSettings = {
				ALWAYS_SEARCH_USER_PATHS = NO;
				ASSETCATALOG_COMPILER_GENERATE_SWIFT_ASSET_SYMBOL_EXTENSIONS = YES;
				CLANG_ANALYZER_NONNULL = YES;
				CLANG_ANALYZER_NUMBER_OBJECT_CONVERSION = YES_AGGRESSIVE;
				CLANG_CXX_LANGUAGE_STANDARD = "gnu++20";
				CLANG_ENABLE_MODULES = YES;
				CLANG_ENABLE_OBJC_ARC = YES;
				CLANG_ENABLE_OBJC_WEAK = YES;
				CLANG_WARN_BLOCK_CAPTURE_AUTORELEASING = YES;
				CLANG_WARN_BOOL_CONVERSION = YES;
				CLANG_WARN_COMMA = YES;
				CLANG_WARN_CONSTANT_CONVERSION = YES;
				CLANG_WARN_DEPRECATED_OBJC_IMPLEMENTATIONS = YES;
				CLANG_WARN_DIRECT_OBJC_ISA_USAGE = YES_ERROR;
				CLANG_WARN_DOCUMENTATION_COMMENTS = YES;
				CLANG_WARN_EMPTY_BODY = YES;
				CLANG_WARN_ENUM_CONVERSION = YES;
				CLANG_WARN_INFINITE_RECURSION = YES;
				CLANG_WARN_INT_CONVERSION = YES;
				CLANG_WARN_NON_LITERAL_NULL_CONVERSION = YES;
				CLANG_WARN_OBJC_IMPLICIT_RETAIN_SELF = YES;
				CLANG_WARN_OBJC_LITERAL_CONVERSION = YES;
				CLANG_WARN_OBJC_ROOT_CLASS = YES_ERROR;
				CLANG_WARN_QUOTED_INCLUDE_IN_FRAMEWORK_HEADER = YES;
				CLANG_WARN_RANGE_LOOP_ANALYSIS = YES;
				CLANG_WARN_STRICT_PROTOTYPES = YES;
				CLANG_WARN_SUSPICIOUS_MOVE = YES;
				CLANG_WARN_UNGUARDED_AVAILABILITY = YES_AGGRESSIVE;
				CLANG_WARN_UNREACHABLE_CODE = YES;
				CLANG_WARN__DUPLICATE_METHOD_MATCH = YES;
				COPY_PHASE_STRIP = NO;
				DEBUG_INFORMATION_FORMAT = dwarf;
				ENABLE_STRICT_OBJC_MSGSEND = YES;
				ENABLE_TESTABILITY = YES;
				ENABLE_USER_SCRIPT_SANDBOXING = YES;
				GCC_C_LANGUAGE_STANDARD = gnu17;
				GCC_DYNAMIC_NO_PIC = NO;
				GCC_NO_COMMON_BLOCKS = YES;
				GCC_OPTIMIZATION_LEVEL = 0;
				GCC_PREPROCESSOR_DEFINITIONS = (
					"DEBUG=1",
					"$(inherited)",
				);
				GCC_WARN_64_TO_32_BIT_CONVERSION = YES;
				GCC_WARN_ABOUT_RETURN_TYPE = YES_ERROR;
				GCC_WARN_UNDECLARED_SELECTOR = YES;
				GCC_WARN_UNINITIALIZED_AUTOS = YES_AGGRESSIVE;
				GCC_WARN_UNUSED_FUNCTION = YES;
				GCC_WARN_UNUSED_VARIABLE = YES;
				IPHONEOS_DEPLOYMENT_TARGET = 17.2;
				LOCALIZATION_PREFERS_STRING_CATALOGS = YES;
				MTL_ENABLE_DEBUG_INFO = INCLUDE_SOURCE;
				MTL_FAST_MATH = YES;
				ONLY_ACTIVE_ARCH = YES;
				SDKROOT = iphoneos;
				SWIFT_ACTIVE_COMPILATION_CONDITIONS = "DEBUG $(inherited)";
				SWIFT_OPTIMIZATION_LEVEL = "-Onone";
			};
			name = Debug;
		};
		1546DBFE2C8C72BB00D70DBB /* Release */ = {
			isa = XCBuildConfiguration;
			buildSettings = {
				ALWAYS_SEARCH_USER_PATHS = NO;
				ASSETCATALOG_COMPILER_GENERATE_SWIFT_ASSET_SYMBOL_EXTENSIONS = YES;
				CLANG_ANALYZER_NONNULL = YES;
				CLANG_ANALYZER_NUMBER_OBJECT_CONVERSION = YES_AGGRESSIVE;
				CLANG_CXX_LANGUAGE_STANDARD = "gnu++20";
				CLANG_ENABLE_MODULES = YES;
				CLANG_ENABLE_OBJC_ARC = YES;
				CLANG_ENABLE_OBJC_WEAK = YES;
				CLANG_WARN_BLOCK_CAPTURE_AUTORELEASING = YES;
				CLANG_WARN_BOOL_CONVERSION = YES;
				CLANG_WARN_COMMA = YES;
				CLANG_WARN_CONSTANT_CONVERSION = YES;
				CLANG_WARN_DEPRECATED_OBJC_IMPLEMENTATIONS = YES;
				CLANG_WARN_DIRECT_OBJC_ISA_USAGE = YES_ERROR;
				CLANG_WARN_DOCUMENTATION_COMMENTS = YES;
				CLANG_WARN_EMPTY_BODY = YES;
				CLANG_WARN_ENUM_CONVERSION = YES;
				CLANG_WARN_INFINITE_RECURSION = YES;
				CLANG_WARN_INT_CONVERSION = YES;
				CLANG_WARN_NON_LITERAL_NULL_CONVERSION = YES;
				CLANG_WARN_OBJC_IMPLICIT_RETAIN_SELF = YES;
				CLANG_WARN_OBJC_LITERAL_CONVERSION = YES;
				CLANG_WARN_OBJC_ROOT_CLASS = YES_ERROR;
				CLANG_WARN_QUOTED_INCLUDE_IN_FRAMEWORK_HEADER = YES;
				CLANG_WARN_RANGE_LOOP_ANALYSIS = YES;
				CLANG_WARN_STRICT_PROTOTYPES = YES;
				CLANG_WARN_SUSPICIOUS_MOVE = YES;
				CLANG_WARN_UNGUARDED_AVAILABILITY = YES_AGGRESSIVE;
				CLANG_WARN_UNREACHABLE_CODE = YES;
				CLANG_WARN__DUPLICATE_METHOD_MATCH = YES;
				COPY_PHASE_STRIP = NO;
				DEBUG_INFORMATION_FORMAT = "dwarf-with-dsym";
				ENABLE_NS_ASSERTIONS = NO;
				ENABLE_STRICT_OBJC_MSGSEND = YES;
				ENABLE_USER_SCRIPT_SANDBOXING = YES;
				GCC_C_LANGUAGE_STANDARD = gnu17;
				GCC_NO_COMMON_BLOCKS = YES;
				GCC_WARN_64_TO_32_BIT_CONVERSION = YES;
				GCC_WARN_ABOUT_RETURN_TYPE = YES_ERROR;
				GCC_WARN_UNDECLARED_SELECTOR = YES;
				GCC_WARN_UNINITIALIZED_AUTOS = YES_AGGRESSIVE;
				GCC_WARN_UNUSED_FUNCTION = YES;
				GCC_WARN_UNUSED_VARIABLE = YES;
				IPHONEOS_DEPLOYMENT_TARGET = 17.2;
				LOCALIZATION_PREFERS_STRING_CATALOGS = YES;
				MTL_ENABLE_DEBUG_INFO = NO;
				MTL_FAST_MATH = YES;
				SDKROOT = iphoneos;
				SWIFT_COMPILATION_MODE = wholemodule;
				VALIDATE_PRODUCT = YES;
			};
			name = Release;
		};
		1546DC002C8C72BB00D70DBB /* Debug */ = {
			isa = XCBuildConfiguration;
			buildSettings = {
				ASSETCATALOG_COMPILER_APPICON_NAME = AppIcon;
				ASSETCATALOG_COMPILER_GLOBAL_ACCENT_COLOR_NAME = AccentColor;
				CODE_SIGN_STYLE = Automatic;
				CURRENT_PROJECT_VERSION = 1;
				GENERATE_INFOPLIST_FILE = YES;
				INFOPLIST_FILE = CatCas/Info.plist;
				INFOPLIST_KEY_CFBundleDisplayName = CatCas;
				INFOPLIST_KEY_UIApplicationSupportsIndirectInputEvents = YES;
				INFOPLIST_KEY_UILaunchStoryboardName = LaunchScreen;
				INFOPLIST_KEY_UISupportedInterfaceOrientations_iPad = "UIInterfaceOrientationPortrait UIInterfaceOrientationPortraitUpsideDown UIInterfaceOrientationLandscapeLeft UIInterfaceOrientationLandscapeRight";
				INFOPLIST_KEY_UISupportedInterfaceOrientations_iPhone = "UIInterfaceOrientationPortrait UIInterfaceOrientationLandscapeLeft UIInterfaceOrientationLandscapeRight";
				IPHONEOS_DEPLOYMENT_TARGET = 13.0;
				LD_RUNPATH_SEARCH_PATHS = (
					"$(inherited)",
					"@executable_path/Frameworks",
				);
				MARKETING_VERSION = 1.1;
				PRODUCT_BUNDLE_IDENTIFIER = k.CatCas;
				PRODUCT_NAME = "$(TARGET_NAME)";
				SUPPORTED_PLATFORMS = "iphoneos iphonesimulator";
				SUPPORTS_MACCATALYST = NO;
				SUPPORTS_XR_DESIGNED_FOR_IPHONE_IPAD = NO;
				SWIFT_EMIT_LOC_STRINGS = YES;
				SWIFT_VERSION = 5.0;
				TARGETED_DEVICE_FAMILY = "1,2";
			};
			name = Debug;
		};
		1546DC012C8C72BB00D70DBB /* Release */ = {
			isa = XCBuildConfiguration;
			buildSettings = {
				ASSETCATALOG_COMPILER_APPICON_NAME = AppIcon;
				ASSETCATALOG_COMPILER_GLOBAL_ACCENT_COLOR_NAME = AccentColor;
				CODE_SIGN_STYLE = Automatic;
				CURRENT_PROJECT_VERSION = 1;
				GENERATE_INFOPLIST_FILE = YES;
				INFOPLIST_FILE = CatCas/Info.plist;
				INFOPLIST_KEY_CFBundleDisplayName = CatCas;
				INFOPLIST_KEY_UIApplicationSupportsIndirectInputEvents = YES;
				INFOPLIST_KEY_UILaunchStoryboardName = LaunchScreen;
				INFOPLIST_KEY_UISupportedInterfaceOrientations_iPad = "UIInterfaceOrientationPortrait UIInterfaceOrientationPortraitUpsideDown UIInterfaceOrientationLandscapeLeft UIInterfaceOrientationLandscapeRight";
				INFOPLIST_KEY_UISupportedInterfaceOrientations_iPhone = "UIInterfaceOrientationPortrait UIInterfaceOrientationLandscapeLeft UIInterfaceOrientationLandscapeRight";
				IPHONEOS_DEPLOYMENT_TARGET = 13.0;
				LD_RUNPATH_SEARCH_PATHS = (
					"$(inherited)",
					"@executable_path/Frameworks",
				);
				MARKETING_VERSION = 1.1;
				PRODUCT_BUNDLE_IDENTIFIER = k.CatCas;
				PRODUCT_NAME = "$(TARGET_NAME)";
				SUPPORTED_PLATFORMS = "iphoneos iphonesimulator";
				SUPPORTS_MACCATALYST = NO;
				SUPPORTS_XR_DESIGNED_FOR_IPHONE_IPAD = NO;
				SWIFT_EMIT_LOC_STRINGS = YES;
				SWIFT_VERSION = 5.0;
				TARGETED_DEVICE_FAMILY = "1,2";
			};
			name = Release;
		};
/* End XCBuildConfiguration section */

/* Begin XCConfigurationList section */
		1546DBE62C8C72B900D70DBB /* Build configuration list for PBXProject "CatCas" */ = {
			isa = XCConfigurationList;
			buildConfigurations = (
				1546DBFD2C8C72BB00D70DBB /* Debug */,
				1546DBFE2C8C72BB00D70DBB /* Release */,
			);
			defaultConfigurationIsVisible = 0;
			defaultConfigurationName = Release;
		};
		1546DBFF2C8C72BB00D70DBB /* Build configuration list for PBXNativeTarget "CatCas" */ = {
			isa = XCConfigurationList;
			buildConfigurations = (
				1546DC002C8C72BB00D70DBB /* Debug */,
				1546DC012C8C72BB00D70DBB /* Release */,
			);
			defaultConfigurationIsVisible = 0;
			defaultConfigurationName = Release;
		};
/* End XCConfigurationList section */

/* Begin XCRemoteSwiftPackageReference section */
		150F47C62CA1FE4700A6D729 /* XCRemoteSwiftPackageReference "CombineCocoa" */ = {
			isa = XCRemoteSwiftPackageReference;
			repositoryURL = "https://github.com/CombineCommunity/CombineCocoa";
			requirement = {
				kind = upToNextMajorVersion;
				minimumVersion = 0.4.1;
			};
		};
		1546DC062C8C73C500D70DBB /* XCRemoteSwiftPackageReference "SnapKit" */ = {
			isa = XCRemoteSwiftPackageReference;
			repositoryURL = "https://github.com/SnapKit/SnapKit";
			requirement = {
				kind = upToNextMajorVersion;
				minimumVersion = 5.7.1;
			};
		};
/* End XCRemoteSwiftPackageReference section */

/* Begin XCSwiftPackageProductDependency section */
		150F47C72CA1FE4700A6D729 /* CombineCocoa */ = {
			isa = XCSwiftPackageProductDependency;
			package = 150F47C62CA1FE4700A6D729 /* XCRemoteSwiftPackageReference "CombineCocoa" */;
			productName = CombineCocoa;
		};
		1546DC072C8C73C500D70DBB /* SnapKit */ = {
			isa = XCSwiftPackageProductDependency;
			package = 1546DC062C8C73C500D70DBB /* XCRemoteSwiftPackageReference "SnapKit" */;
			productName = SnapKit;
		};
/* End XCSwiftPackageProductDependency section */
	};
	rootObject = 1546DBE32C8C72B900D70DBB /* Project object */;
}
